
Microsoft Visual Studio Solution File, Format Version 12.00
# Visual Studio Version 17
VisualStudioVersion = 17.1.32210.238
MinimumVisualStudioVersion = 10.0.40219.1
Project("{9A19103F-16F7-4668-BE54-9A1E7A4F7556}") = "DataService.Domain", "DataService.Domain\DataService.Domain.csproj", "{FBC0C847-DAEA-4972-9937-36BC151FDB3E}"
EndProject
Project("{9A19103F-16F7-4668-BE54-9A1E7A4F7556}") = "DataService.Application", "DataService.Application\DataService.Application.csproj", "{5FC34064-8214-4CB1-B082-4AB8D5AACB01}"
EndProject
Project("{9A19103F-16F7-4668-BE54-9A1E7A4F7556}") = "DataService.Application.Contracts", "DataService.Application.Contracts\DataService.Application.Contracts.csproj", "{144FCB96-CEE5-423C-89CD-6FC122542A64}"
EndProject
Project("{9A19103F-16F7-4668-BE54-9A1E7A4F7556}") = "DataService.Swagger", "DataService.Swagger\DataService.Swagger.csproj", "{B8F6DF1F-D267-4A7E-BB09-87BBB7A73978}"
EndProject
Project("{9A19103F-16F7-4668-BE54-9A1E7A4F7556}") = "DataService.SqlSugarOrm", "DataService.SqlSugarOrm\DataService.SqlSugarOrm.csproj", "{B5C20617-D069-4912-A124-F94E30DD3490}"
EndProject
Project("{9A19103F-16F7-4668-BE54-9A1E7A4F7556}") = "DataService.JWT", "DataService.JWT\DataService.JWT.csproj", "{DDFEA9FF-9F72-42AF-9657-429A06518130}"
EndProject
Project("{9A19103F-16F7-4668-BE54-9A1E7A4F7556}") = "DataService.Shared", "DataService.Shared\DataService.Shared.csproj", "{4C40C924-978E-46D8-AE75-4D67BA757404}"
EndProject
Project("{9A19103F-16F7-4668-BE54-9A1E7A4F7556}") = "DataService.Redis", "DataService.Redis\DataService.Redis.csproj", "{930403A0-B8CC-4848-9AE6-EB7FC6957BBC}"
EndProject
Project("{2150E333-8FDC-42A3-9474-1A3956D46DE8}") = "Tests", "Tests", "{B86E774B-1848-449A-A0E1-C7C07DC4D3B4}"
EndProject
Project("{9A19103F-16F7-4668-BE54-9A1E7A4F7556}") = "DataService.UnitTest", "DataService.UnitTest\DataService.UnitTest.csproj", "{DD36917E-4D7E-4943-9963-3816EEF77749}"
EndProject
Project("{9A19103F-16F7-4668-BE54-9A1E7A4F7556}") = "DataService.IntegrationTest", "DataService.IntegrationTest\DataService.IntegrationTest.csproj", "{584615C4-1008-4A80-B1A6-3C06F3848FAC}"
EndProject
Project("{2150E333-8FDC-42A3-9474-1A3956D46DE8}") = "Auto", "Auto", "{50EA502A-39B1-427F-B5A1-DC2BA3B58096}"
EndProject
Project("{9A19103F-16F7-4668-BE54-9A1E7A4F7556}") = "DataService.Auto", "DataService.Autuo\DataService.Auto.csproj", "{FC6ACB96-BF4C-48D2-9C2A-A0F410609DAC}"
EndProject
Project("{9A19103F-16F7-4668-BE54-9A1E7A4F7556}") = "DataService.Dto", "DataService.Dto\DataService.Dto.csproj", "{87E55EE8-C1AA-423F-9273-9F0930E33A0B}"
EndProject
Project("{9A19103F-16F7-4668-BE54-9A1E7A4F7556}") = "DataService.HostApi", "DataService.HostApi\DataService.HostApi.csproj", "{8C991D67-9713-4DEA-842B-35531B3BA353}"
EndProject
Project("{9A19103F-16F7-4668-BE54-9A1E7A4F7556}") = "DataService.Mongo", "DataService.Mongo\DataService.Mongo.csproj", "{B6A8CE60-B55E-4159-90BA-7CDA13B56198}"
EndProject
Project("{9A19103F-16F7-4668-BE54-9A1E7A4F7556}") = "DataService.Ocelot", "DataService.Ocelot\DataService.Ocelot.csproj", "{8541179E-767F-401D-A346-09662E7F7DCA}"
EndProject
Project("{2150E333-8FDC-42A3-9474-1A3956D46DE8}") = "Src", "Src", "{6349F4C2-BF2B-4D49-9FC7-6F2BEC85CA26}"
EndProject
Project("{2150E333-8FDC-42A3-9474-1A3956D46DE8}") = "Libs", "Libs", "{B606F4B4-5E2D-49C3-911C-A9C6CC4C8978}"
EndProject
Project("{9A19103F-16F7-4668-BE54-9A1E7A4F7556}") = "DataService.Consul", "DataService.Consul\DataService.Consul.csproj", "{1A936A24-9BD9-4CF0-AC43-92F58E59C658}"
EndProject
Project("{9A19103F-16F7-4668-BE54-9A1E7A4F7556}") = "DataService.Grpc.Contracts", "DataService.Grpc.Contracts\DataService.Grpc.Contracts.csproj", "{DA87F027-4B63-4DC8-A8A3-F861E02A94F7}"
EndProject
Project("{9A19103F-16F7-4668-BE54-9A1E7A4F7556}") = "DataService.GrpcService", "DataService.GrpcService\DataService.GrpcService.csproj", "{2E4A6125-9A57-4B90-8A69-0FAA640E7517}"
EndProject
Project("{9A19103F-16F7-4668-BE54-9A1E7A4F7556}") = "DataService.Client", "DataService.Client\DataService.Client.csproj", "{D1D03932-81E6-4BB4-AF17-08ABF76605DD}"
EndProject
Project("{2150E333-8FDC-42A3-9474-1A3956D46DE8}") = "Demos", "Demos", "{1406704B-90E3-49DA-8630-5AF6341F2007}"
EndProject
Project("{FAE04EC0-301F-11D3-BF4B-00C04F79EFBC}") = "Demo.HealthCheck", "Demo.HealthCheck\Demo.HealthCheck.csproj", "{AC7DE369-5527-4780-A7DD-E85E79910AE6}"
EndProject
Global
	GlobalSection(SolutionConfigurationPlatforms) = preSolution
		Debug|Any CPU = Debug|Any CPU
		Release|Any CPU = Release|Any CPU
	EndGlobalSection
	GlobalSection(ProjectConfigurationPlatforms) = postSolution
		{FBC0C847-DAEA-4972-9937-36BC151FDB3E}.Debug|Any CPU.ActiveCfg = Debug|Any CPU
		{FBC0C847-DAEA-4972-9937-36BC151FDB3E}.Debug|Any CPU.Build.0 = Debug|Any CPU
		{FBC0C847-DAEA-4972-9937-36BC151FDB3E}.Release|Any CPU.ActiveCfg = Release|Any CPU
		{FBC0C847-DAEA-4972-9937-36BC151FDB3E}.Release|Any CPU.Build.0 = Release|Any CPU
		{5FC34064-8214-4CB1-B082-4AB8D5AACB01}.Debug|Any CPU.ActiveCfg = Debug|Any CPU
		{5FC34064-8214-4CB1-B082-4AB8D5AACB01}.Debug|Any CPU.Build.0 = Debug|Any CPU
		{5FC34064-8214-4CB1-B082-4AB8D5AACB01}.Release|Any CPU.ActiveCfg = Release|Any CPU
		{5FC34064-8214-4CB1-B082-4AB8D5AACB01}.Release|Any CPU.Build.0 = Release|Any CPU
		{144FCB96-CEE5-423C-89CD-6FC122542A64}.Debug|Any CPU.ActiveCfg = Debug|Any CPU
		{144FCB96-CEE5-423C-89CD-6FC122542A64}.Debug|Any CPU.Build.0 = Debug|Any CPU
		{144FCB96-CEE5-423C-89CD-6FC122542A64}.Release|Any CPU.ActiveCfg = Release|Any CPU
		{144FCB96-CEE5-423C-89CD-6FC122542A64}.Release|Any CPU.Build.0 = Release|Any CPU
		{B8F6DF1F-D267-4A7E-BB09-87BBB7A73978}.Debug|Any CPU.ActiveCfg = Debug|Any CPU
		{B8F6DF1F-D267-4A7E-BB09-87BBB7A73978}.Debug|Any CPU.Build.0 = Debug|Any CPU
		{B8F6DF1F-D267-4A7E-BB09-87BBB7A73978}.Release|Any CPU.ActiveCfg = Release|Any CPU
		{B8F6DF1F-D267-4A7E-BB09-87BBB7A73978}.Release|Any CPU.Build.0 = Release|Any CPU
		{B5C20617-D069-4912-A124-F94E30DD3490}.Debug|Any CPU.ActiveCfg = Debug|Any CPU
		{B5C20617-D069-4912-A124-F94E30DD3490}.Debug|Any CPU.Build.0 = Debug|Any CPU
		{B5C20617-D069-4912-A124-F94E30DD3490}.Release|Any CPU.ActiveCfg = Release|Any CPU
		{B5C20617-D069-4912-A124-F94E30DD3490}.Release|Any CPU.Build.0 = Release|Any CPU
		{DDFEA9FF-9F72-42AF-9657-429A06518130}.Debug|Any CPU.ActiveCfg = Debug|Any CPU
		{DDFEA9FF-9F72-42AF-9657-429A06518130}.Debug|Any CPU.Build.0 = Debug|Any CPU
		{DDFEA9FF-9F72-42AF-9657-429A06518130}.Release|Any CPU.ActiveCfg = Release|Any CPU
		{DDFEA9FF-9F72-42AF-9657-429A06518130}.Release|Any CPU.Build.0 = Release|Any CPU
		{4C40C924-978E-46D8-AE75-4D67BA757404}.Debug|Any CPU.ActiveCfg = Debug|Any CPU
		{4C40C924-978E-46D8-AE75-4D67BA757404}.Debug|Any CPU.Build.0 = Debug|Any CPU
		{4C40C924-978E-46D8-AE75-4D67BA757404}.Release|Any CPU.ActiveCfg = Release|Any CPU
		{4C40C924-978E-46D8-AE75-4D67BA757404}.Release|Any CPU.Build.0 = Release|Any CPU
		{930403A0-B8CC-4848-9AE6-EB7FC6957BBC}.Debug|Any CPU.ActiveCfg = Debug|Any CPU
		{930403A0-B8CC-4848-9AE6-EB7FC6957BBC}.Debug|Any CPU.Build.0 = Debug|Any CPU
		{930403A0-B8CC-4848-9AE6-EB7FC6957BBC}.Release|Any CPU.ActiveCfg = Release|Any CPU
		{930403A0-B8CC-4848-9AE6-EB7FC6957BBC}.Release|Any CPU.Build.0 = Release|Any CPU
		{DD36917E-4D7E-4943-9963-3816EEF77749}.Debug|Any CPU.ActiveCfg = Debug|Any CPU
		{DD36917E-4D7E-4943-9963-3816EEF77749}.Debug|Any CPU.Build.0 = Debug|Any CPU
		{DD36917E-4D7E-4943-9963-3816EEF77749}.Release|Any CPU.ActiveCfg = Release|Any CPU
		{DD36917E-4D7E-4943-9963-3816EEF77749}.Release|Any CPU.Build.0 = Release|Any CPU
		{584615C4-1008-4A80-B1A6-3C06F3848FAC}.Debug|Any CPU.ActiveCfg = Debug|Any CPU
		{584615C4-1008-4A80-B1A6-3C06F3848FAC}.Debug|Any CPU.Build.0 = Debug|Any CPU
		{584615C4-1008-4A80-B1A6-3C06F3848FAC}.Release|Any CPU.ActiveCfg = Release|Any CPU
		{584615C4-1008-4A80-B1A6-3C06F3848FAC}.Release|Any CPU.Build.0 = Release|Any CPU
		{FC6ACB96-BF4C-48D2-9C2A-A0F410609DAC}.Debug|Any CPU.ActiveCfg = Debug|Any CPU
		{FC6ACB96-BF4C-48D2-9C2A-A0F410609DAC}.Debug|Any CPU.Build.0 = Debug|Any CPU
		{FC6ACB96-BF4C-48D2-9C2A-A0F410609DAC}.Release|Any CPU.ActiveCfg = Release|Any CPU
		{FC6ACB96-BF4C-48D2-9C2A-A0F410609DAC}.Release|Any CPU.Build.0 = Release|Any CPU
		{87E55EE8-C1AA-423F-9273-9F0930E33A0B}.Debug|Any CPU.ActiveCfg = Debug|Any CPU
		{87E55EE8-C1AA-423F-9273-9F0930E33A0B}.Debug|Any CPU.Build.0 = Debug|Any CPU
		{87E55EE8-C1AA-423F-9273-9F0930E33A0B}.Release|Any CPU.ActiveCfg = Release|Any CPU
		{87E55EE8-C1AA-423F-9273-9F0930E33A0B}.Release|Any CPU.Build.0 = Release|Any CPU
		{8C991D67-9713-4DEA-842B-35531B3BA353}.Debug|Any CPU.ActiveCfg = Debug|Any CPU
		{8C991D67-9713-4DEA-842B-35531B3BA353}.Debug|Any CPU.Build.0 = Debug|Any CPU
		{8C991D67-9713-4DEA-842B-35531B3BA353}.Release|Any CPU.ActiveCfg = Release|Any CPU
		{8C991D67-9713-4DEA-842B-35531B3BA353}.Release|Any CPU.Build.0 = Release|Any CPU
		{B6A8CE60-B55E-4159-90BA-7CDA13B56198}.Debug|Any CPU.ActiveCfg = Debug|Any CPU
		{B6A8CE60-B55E-4159-90BA-7CDA13B56198}.Debug|Any CPU.Build.0 = Debug|Any CPU
		{B6A8CE60-B55E-4159-90BA-7CDA13B56198}.Release|Any CPU.ActiveCfg = Release|Any CPU
		{B6A8CE60-B55E-4159-90BA-7CDA13B56198}.Release|Any CPU.Build.0 = Release|Any CPU
		{8541179E-767F-401D-A346-09662E7F7DCA}.Debug|Any CPU.ActiveCfg = Debug|Any CPU
		{8541179E-767F-401D-A346-09662E7F7DCA}.Debug|Any CPU.Build.0 = Debug|Any CPU
		{8541179E-767F-401D-A346-09662E7F7DCA}.Release|Any CPU.ActiveCfg = Release|Any CPU
		{8541179E-767F-401D-A346-09662E7F7DCA}.Release|Any CPU.Build.0 = Release|Any CPU
		{1A936A24-9BD9-4CF0-AC43-92F58E59C658}.Debug|Any CPU.ActiveCfg = Debug|Any CPU
		{1A936A24-9BD9-4CF0-AC43-92F58E59C658}.Debug|Any CPU.Build.0 = Debug|Any CPU
		{1A936A24-9BD9-4CF0-AC43-92F58E59C658}.Release|Any CPU.ActiveCfg = Release|Any CPU
		{1A936A24-9BD9-4CF0-AC43-92F58E59C658}.Release|Any CPU.Build.0 = Release|Any CPU
		{DA87F027-4B63-4DC8-A8A3-F861E02A94F7}.Debug|Any CPU.ActiveCfg = Debug|Any CPU
		{DA87F027-4B63-4DC8-A8A3-F861E02A94F7}.Debug|Any CPU.Build.0 = Debug|Any CPU
		{DA87F027-4B63-4DC8-A8A3-F861E02A94F7}.Release|Any CPU.ActiveCfg = Release|Any CPU
		{DA87F027-4B63-4DC8-A8A3-F861E02A94F7}.Release|Any CPU.Build.0 = Release|Any CPU
		{2E4A6125-9A57-4B90-8A69-0FAA640E7517}.Debug|Any CPU.ActiveCfg = Debug|Any CPU
		{2E4A6125-9A57-4B90-8A69-0FAA640E7517}.Debug|Any CPU.Build.0 = Debug|Any CPU
		{2E4A6125-9A57-4B90-8A69-0FAA640E7517}.Release|Any CPU.ActiveCfg = Release|Any CPU
		{2E4A6125-9A57-4B90-8A69-0FAA640E7517}.Release|Any CPU.Build.0 = Release|Any CPU
		{D1D03932-81E6-4BB4-AF17-08ABF76605DD}.Debug|Any CPU.ActiveCfg = Debug|Any CPU
		{D1D03932-81E6-4BB4-AF17-08ABF76605DD}.Debug|Any CPU.Build.0 = Debug|Any CPU
		{D1D03932-81E6-4BB4-AF17-08ABF76605DD}.Release|Any CPU.ActiveCfg = Release|Any CPU
		{D1D03932-81E6-4BB4-AF17-08ABF76605DD}.Release|Any CPU.Build.0 = Release|Any CPU
		{AC7DE369-5527-4780-A7DD-E85E79910AE6}.Debug|Any CPU.ActiveCfg = Debug|Any CPU
		{AC7DE369-5527-4780-A7DD-E85E79910AE6}.Debug|Any CPU.Build.0 = Debug|Any CPU
		{AC7DE369-5527-4780-A7DD-E85E79910AE6}.Release|Any CPU.ActiveCfg = Release|Any CPU
		{AC7DE369-5527-4780-A7DD-E85E79910AE6}.Release|Any CPU.Build.0 = Release|Any CPU
	EndGlobalSection
	GlobalSection(SolutionProperties) = preSolution
		HideSolutionNode = FALSE
	EndGlobalSection
	GlobalSection(NestedProjects) = preSolution
		{FBC0C847-DAEA-4972-9937-36BC151FDB3E} = {B606F4B4-5E2D-49C3-911C-A9C6CC4C8978}
		{5FC34064-8214-4CB1-B082-4AB8D5AACB01} = {B606F4B4-5E2D-49C3-911C-A9C6CC4C8978}
		{144FCB96-CEE5-423C-89CD-6FC122542A64} = {B606F4B4-5E2D-49C3-911C-A9C6CC4C8978}
		{B8F6DF1F-D267-4A7E-BB09-87BBB7A73978} = {B606F4B4-5E2D-49C3-911C-A9C6CC4C8978}
		{B5C20617-D069-4912-A124-F94E30DD3490} = {B606F4B4-5E2D-49C3-911C-A9C6CC4C8978}
		{DDFEA9FF-9F72-42AF-9657-429A06518130} = {B606F4B4-5E2D-49C3-911C-A9C6CC4C8978}
		{4C40C924-978E-46D8-AE75-4D67BA757404} = {B606F4B4-5E2D-49C3-911C-A9C6CC4C8978}
		{930403A0-B8CC-4848-9AE6-EB7FC6957BBC} = {B606F4B4-5E2D-49C3-911C-A9C6CC4C8978}
		{DD36917E-4D7E-4943-9963-3816EEF77749} = {B86E774B-1848-449A-A0E1-C7C07DC4D3B4}
		{584615C4-1008-4A80-B1A6-3C06F3848FAC} = {B86E774B-1848-449A-A0E1-C7C07DC4D3B4}
		{FC6ACB96-BF4C-48D2-9C2A-A0F410609DAC} = {50EA502A-39B1-427F-B5A1-DC2BA3B58096}
		{87E55EE8-C1AA-423F-9273-9F0930E33A0B} = {B606F4B4-5E2D-49C3-911C-A9C6CC4C8978}
		{8C991D67-9713-4DEA-842B-35531B3BA353} = {6349F4C2-BF2B-4D49-9FC7-6F2BEC85CA26}
		{B6A8CE60-B55E-4159-90BA-7CDA13B56198} = {B606F4B4-5E2D-49C3-911C-A9C6CC4C8978}
		{8541179E-767F-401D-A346-09662E7F7DCA} = {6349F4C2-BF2B-4D49-9FC7-6F2BEC85CA26}
		{1A936A24-9BD9-4CF0-AC43-92F58E59C658} = {B606F4B4-5E2D-49C3-911C-A9C6CC4C8978}
		{DA87F027-4B63-4DC8-A8A3-F861E02A94F7} = {B606F4B4-5E2D-49C3-911C-A9C6CC4C8978}
		{2E4A6125-9A57-4B90-8A69-0FAA640E7517} = {6349F4C2-BF2B-4D49-9FC7-6F2BEC85CA26}
		{D1D03932-81E6-4BB4-AF17-08ABF76605DD} = {6349F4C2-BF2B-4D49-9FC7-6F2BEC85CA26}
		{AC7DE369-5527-4780-A7DD-E85E79910AE6} = {1406704B-90E3-49DA-8630-5AF6341F2007}
	EndGlobalSection
	GlobalSection(ExtensibilityGlobals) = postSolution
		SolutionGuid = {0487F399-BDF6-460C-AB61-6CE3DFC69A3D}
	EndGlobalSection
EndGlobal
